
Microsoft Visual Studio Solution File, Format Version 12.00
# Visual Studio Version 16
VisualStudioVersion = 16.0.31205.134
MinimumVisualStudioVersion = 10.0.40219.1
Project("{8BC9CEB8-8B4A-11D0-8D11-00A0C91BC942}") = "SFMLProject", "SFMLProject\SFMLProject.vcxproj", "{19730CA6-0B34-4022-AD56-A21D2D66EAB0}"
EndProject
Global
	GlobalSection(SolutionConfigurationPlatforms) = preSolution
		Debug|x64 = Debug|x64
		Debug|x86 = Debug|x86
		Release|x64 = Release|x64
		Release|x86 = Release|x86
	EndGlobalSection
	GlobalSection(ProjectConfigurationPlatforms) = postSolution
		{19730CA6-0B34-4022-AD56-A21D2D66EAB0}.Debug|x64.ActiveCfg = Debug|x64
		{19730CA6-0B34-4022-AD56-A21D2D66EAB0}.Debug|x64.Build.0 = Debug|x64
		{19730CA6-0B34-4022-AD56-A21D2D66EAB0}.Debug|x86.ActiveCfg = Debug|Win32
		{19730CA6-0B34-4022-AD56-A21D2D66EAB0}.Debug|x86.Build.0 = Debug|Win32
		{19730CA6-0B34-4022-AD56-A21D2D66EAB0}.Release|x64.ActiveCfg = Release|x64
		{19730CA6-0B34-4022-AD56-A21D2D66EAB0}.Release|x64.Build.0 = Release|x64
		{19730CA6-0B34-4022-AD56-A21D2D66EAB0}.Release|x86.ActiveCfg = Release|Win32
		{19730CA6-0B34-4022-AD56-A21D2D66EAB0}.Release|x86.Build.0 = Release|Win32
	EndGlobalSection
	GlobalSection(SolutionProperties) = preSolution
		HideSolutionNode = FALSE
	EndGlobalSection
	GlobalSection(ExtensibilityGlobals) = postSolution
		SolutionGuid = {0C914936-1734-4726-9A42-C940F6D576BB}
	EndGlobalSection
EndGlobal
