<?xml version="1.0" encoding="utf-8"?>
<Project ToolsVersion="4.0" xmlns="http://schemas.microsoft.com/developer/msbuild/2003">
  <ItemGroup>
    <ClCompile Include="BoardGraphics.cpp" />
    <ClCompile Include="CheckUserInputs.cpp" />
    <ClCompile Include="main.cpp" />
    <ClCompile Include="UserInput.cpp" />
    <ClCompile Include="Utils.cpp" />
  </ItemGroup>
  <ItemGroup>
    <ClInclude Include="BoardGraphics.hpp" />
    <ClInclude Include="CheckUserInputs.hpp" />
    <ClInclude Include="typedefs.hpp" />
    <ClInclude Include="UserInput.hpp" />
    <ClInclude Include="Utils.hpp" />
  </ItemGroup>
</Project>